// !$*UTF8*$!
{
	archiveVersion = 1;
	classes = {
	};
	objectVersion = 56;
	objects = {

/* Begin PBXBuildFile section */
		5A0000122B8F4A0100C7D8E9 /* SubHelpApp.swift in Sources */ = {isa = PBXBuildFile; fileRef = 5A0000112B8F4A0100C7D8E9 /* SubHelpApp.swift */; };
		5A0000142B8F4A0100C7D8E9 /* HomeView.swift in Sources */ = {isa = PBXBuildFile; fileRef = 5A0000132B8F4A0100C7D8E9 /* HomeView.swift */; };
		5A0000162B8F4A0100C7D8E9 /* HomeViewModel.swift in Sources */ = {isa = PBXBuildFile; fileRef = 5A0000152B8F4A0100C7D8E9 /* HomeViewModel.swift */; };
		5A0000182B8F4A0100C7D8E9 /* Assets.xcassets in Resources */ = {isa = PBXBuildFile; fileRef = 5A0000172B8F4A0100C7D8E9 /* Assets.xcassets */; };
		5A00001A2B8F4A0100C7D8E9 /* Subscription.swift in Sources */ = {isa = PBXBuildFile; fileRef = 5A00001B2B8F4A0100C7D8E9 /* Subscription.swift */; };
		5A00001C2B8F4A0100C7D8E9 /* SettingsView.swift in Sources */ = {isa = PBXBuildFile; fileRef = 5A00001D2B8F4A0100C7D8E9 /* SettingsView.swift */; };
		5A00001E2B8F4A0100C7D8E9 /* SubscriptionDetailView.swift in Sources */ = {isa = PBXBuildFile; fileRef = 5A00001F2B8F4A0100C7D8E9 /* SubscriptionDetailView.swift */; };
		5A0000282B8F4A0100C7D8E9 /* AddSubscriptionView.swift in Sources */ = {isa = PBXBuildFile; fileRef = 5A0000292B8F4A0100C7D8E9 /* AddSubscriptionView.swift */; };
		5A00003B2B8F4A0100C7D8E9 /* HistoryView.swift in Sources */ = {isa = PBXBuildFile; fileRef = 5A00003A2B8F4A0100C7D8E9 /* HistoryView.swift */; };
		5A00003D2B8F4A0100C7D8E9 /* AppleImportView.swift in Sources */ = {isa = PBXBuildFile; fileRef = 5A00003C2B8F4A0100C7D8E9 /* AppleImportView.swift */; };
		5A00003F2B8F4A0100C7D8E9 /* QuickStartGuideView.swift in Sources */ = {isa = PBXBuildFile; fileRef = 5A00003E2B8F4A0100C7D8E9 /* QuickStartGuideView.swift */; };
		5A0000412B8F4A0100C7D8E9 /* HelpView.swift in Sources */ = {isa = PBXBuildFile; fileRef = 5A0000402B8F4A0100C7D8E9 /* HelpView.swift */; };
		5A0000422B8F4A0100C7D8E9 /* PaywallView.swift in Sources */ = {isa = PBXBuildFile; fileRef = 5A0000432B8F4A0100C7D8E9 /* PaywallView.swift */; };
		5A0000442B8F4A0100C7D8E9 /* SubscriptionPersistence.swift in Sources */ = {isa = PBXBuildFile; fileRef = 5A0000452B8F4A0100C7D8E9 /* SubscriptionPersistence.swift */; };
		5A0000462B8F4A0100C7D8E9 /* RenewalNotificationScheduler.swift in Sources */ = {isa = PBXBuildFile; fileRef = 5A0000472B8F4A0100C7D8E9 /* RenewalNotificationScheduler.swift */; };
		5A0000492B8F4A0100C7D8E9 /* PremiumSubscriptionProducts.swift in Sources */ = {isa = PBXBuildFile; fileRef = 5A0000482B8F4A0100C7D8E9 /* PremiumSubscriptionProducts.swift */; };
		5A00004C2B8F4A0100C7D8E9 /* CurrencyOptions.swift in Sources */ = {isa = PBXBuildFile; fileRef = 5A00004A2B8F4A0100C7D8E9 /* CurrencyOptions.swift */; };
		5A00004D2B8F4A0100C7D8E9 /* CurrencyOnboardingView.swift in Sources */ = {isa = PBXBuildFile; fileRef = 5A00004B2B8F4A0100C7D8E9 /* CurrencyOnboardingView.swift */; };
		5A0000522B8F4A0100C7D8E9 /* SubHelpAppDelegate.swift in Sources */ = {isa = PBXBuildFile; fileRef = 5A0000512B8F4A0100C7D8E9 /* SubHelpAppDelegate.swift */; };
/* End PBXBuildFile section */

/* Begin PBXFileReference section */
		5A0000112B8F4A0100C7D8E9 /* SubHelpApp.swift */ = {isa = PBXFileReference; lastKnownFileType = sourcecode.swift; path = SubHelpApp.swift; sourceTree = "<group>"; };
		5A0000132B8F4A0100C7D8E9 /* HomeView.swift */ = {isa = PBXFileReference; lastKnownFileType = sourcecode.swift; path = HomeView.swift; sourceTree = "<group>"; };
		5A0000152B8F4A0100C7D8E9 /* HomeViewModel.swift */ = {isa = PBXFileReference; lastKnownFileType = sourcecode.swift; path = HomeViewModel.swift; sourceTree = "<group>"; };
		5A0000172B8F4A0100C7D8E9 /* Assets.xcassets */ = {isa = PBXFileReference; lastKnownFileType = folder.assetcatalog; path = Assets.xcassets; sourceTree = "<group>"; };
		5A0000192B8F4A0100C7D8E9 /* SubHelp.app */ = {isa = PBXFileReference; explicitFileType = wrapper.application; includeInIndex = 0; path = SubHelp.app; sourceTree = BUILT_PRODUCTS_DIR; };
		5A00001B2B8F4A0100C7D8E9 /* Subscription.swift */ = {isa = PBXFileReference; lastKnownFileType = sourcecode.swift; path = Subscription.swift; sourceTree = "<group>"; };
		5A00001D2B8F4A0100C7D8E9 /* SettingsView.swift */ = {isa = PBXFileReference; lastKnownFileType = sourcecode.swift; path = SettingsView.swift; sourceTree = "<group>"; };
		5A00001F2B8F4A0100C7D8E9 /* SubscriptionDetailView.swift */ = {isa = PBXFileReference; lastKnownFileType = sourcecode.swift; path = SubscriptionDetailView.swift; sourceTree = "<group>"; };
		5A0000292B8F4A0100C7D8E9 /* AddSubscriptionView.swift */ = {isa = PBXFileReference; lastKnownFileType = sourcecode.swift; path = AddSubscriptionView.swift; sourceTree = "<group>"; };
		5A00003A2B8F4A0100C7D8E9 /* HistoryView.swift */ = {isa = PBXFileReference; lastKnownFileType = sourcecode.swift; path = HistoryView.swift; sourceTree = "<group>"; };
		5A00003C2B8F4A0100C7D8E9 /* AppleImportView.swift */ = {isa = PBXFileReference; lastKnownFileType = sourcecode.swift; path = AppleImportView.swift; sourceTree = "<group>"; };
		5A00003E2B8F4A0100C7D8E9 /* QuickStartGuideView.swift */ = {isa = PBXFileReference; lastKnownFileType = sourcecode.swift; path = QuickStartGuideView.swift; sourceTree = "<group>"; };
		5A0000402B8F4A0100C7D8E9 /* HelpView.swift */ = {isa = PBXFileReference; lastKnownFileType = sourcecode.swift; path = HelpView.swift; sourceTree = "<group>"; };
		5A0000432B8F4A0100C7D8E9 /* PaywallView.swift */ = {isa = PBXFileReference; lastKnownFileType = sourcecode.swift; path = PaywallView.swift; sourceTree = "<group>"; };
		5A0000452B8F4A0100C7D8E9 /* SubscriptionPersistence.swift */ = {isa = PBXFileReference; lastKnownFileType = sourcecode.swift; path = SubscriptionPersistence.swift; sourceTree = "<group>"; };
		5A0000472B8F4A0100C7D8E9 /* RenewalNotificationScheduler.swift */ = {isa = PBXFileReference; lastKnownFileType = sourcecode.swift; path = RenewalNotificationScheduler.swift; sourceTree = "<group>"; };
		5A0000482B8F4A0100C7D8E9 /* PremiumSubscriptionProducts.swift */ = {isa = PBXFileReference; lastKnownFileType = sourcecode.swift; path = PremiumSubscriptionProducts.swift; sourceTree = "<group>"; };
		5A00004A2B8F4A0100C7D8E9 /* CurrencyOptions.swift */ = {isa = PBXFileReference; lastKnownFileType = sourcecode.swift; path = CurrencyOptions.swift; sourceTree = "<group>"; };
		5A00004B2B8F4A0100C7D8E9 /* CurrencyOnboardingView.swift */ = {isa = PBXFileReference; lastKnownFileType = sourcecode.swift; path = CurrencyOnboardingView.swift; sourceTree = "<group>"; };
		5A00004E2B8F4A0100C7D8E9 /* SubHelp.entitlements */ = {isa = PBXFileReference; lastKnownFileType = text.plist.entitlements; path = SubHelp.entitlements; sourceTree = "<group>"; };
		5A0000512B8F4A0100C7D8E9 /* SubHelpAppDelegate.swift */ = {isa = PBXFileReference; lastKnownFileType = sourcecode.swift; path = SubHelpAppDelegate.swift; sourceTree = "<group>"; };
/* End PBXFileReference section */

/* Begin PBXFrameworksBuildPhase section */
		5A0000222B8F4A0100C7D8E9 /* Frameworks */ = {
			isa = PBXFrameworksBuildPhase;
			buildActionMask = 2147483647;
			files = (
			);
			runOnlyForDeploymentPostprocessing = 0;
		};
/* End PBXFrameworksBuildPhase section */

/* Begin PBXGroup section */
		5A0000022B8F4A0100C7D8E9 = {
			isa = PBXGroup;
			children = (
				5A0000032B8F4A0100C7D8E9 /* SubHelp */,
				5A0000042B8F4A0100C7D8E9 /* Products */,
			);
			sourceTree = "<group>";
		};
		5A0000032B8F4A0100C7D8E9 /* SubHelp */ = {
			isa = PBXGroup;
			children = (
				5A0000112B8F4A0100C7D8E9 /* SubHelpApp.swift */,
				5A0000512B8F4A0100C7D8E9 /* SubHelpAppDelegate.swift */,
				5A0000052B8F4A0100C7D8E9 /* Views */,
				5A0000062B8F4A0100C7D8E9 /* ViewModels */,
				5A0000072B8F4A0100C7D8E9 /* Models */,
				5A0000172B8F4A0100C7D8E9 /* Assets.xcassets */,
				5A00004E2B8F4A0100C7D8E9 /* SubHelp.entitlements */,
			);
			path = SubHelp;
			sourceTree = "<group>";
		};
		5A0000042B8F4A0100C7D8E9 /* Products */ = {
			isa = PBXGroup;
			children = (
				5A0000192B8F4A0100C7D8E9 /* SubHelp.app */,
			);
			name = Products;
			sourceTree = "<group>";
		};
		5A0000052B8F4A0100C7D8E9 /* Views */ = {
			isa = PBXGroup;
			children = (
				5A0000132B8F4A0100C7D8E9 /* HomeView.swift */,
				5A00003A2B8F4A0100C7D8E9 /* HistoryView.swift */,
				5A00003C2B8F4A0100C7D8E9 /* AppleImportView.swift */,
				5A00001D2B8F4A0100C7D8E9 /* SettingsView.swift */,
				5A00001F2B8F4A0100C7D8E9 /* SubscriptionDetailView.swift */,
				5A0000292B8F4A0100C7D8E9 /* AddSubscriptionView.swift */,
				5A00003E2B8F4A0100C7D8E9 /* QuickStartGuideView.swift */,
				5A0000402B8F4A0100C7D8E9 /* HelpView.swift */,
				5A0000432B8F4A0100C7D8E9 /* PaywallView.swift */,
				5A00004B2B8F4A0100C7D8E9 /* CurrencyOnboardingView.swift */,
			);
			path = Views;
			sourceTree = "<group>";
		};
		5A0000062B8F4A0100C7D8E9 /* ViewModels */ = {
			isa = PBXGroup;
			children = (
				5A0000152B8F4A0100C7D8E9 /* HomeViewModel.swift */,
			);
			path = ViewModels;
			sourceTree = "<group>";
		};
		5A0000072B8F4A0100C7D8E9 /* Models */ = {
			isa = PBXGroup;
			children = (
				5A00001B2B8F4A0100C7D8E9 /* Subscription.swift */,
				5A0000452B8F4A0100C7D8E9 /* SubscriptionPersistence.swift */,
				5A0000472B8F4A0100C7D8E9 /* RenewalNotificationScheduler.swift */,
				5A0000482B8F4A0100C7D8E9 /* PremiumSubscriptionProducts.swift */,
				5A00004A2B8F4A0100C7D8E9 /* CurrencyOptions.swift */,
			);
			path = Models;
			sourceTree = "<group>";
		};
/* End PBXGroup section */

/* Begin PBXNativeTarget section */
		5A0000242B8F4A0100C7D8E9 /* SubHelp */ = {
			isa = PBXNativeTarget;
			buildConfigurationList = 5A0000262B8F4A0100C7D8E9 /* Build configuration list for PBXNativeTarget "SubHelp" */;
			buildPhases = (
				5A0000212B8F4A0100C7D8E9 /* Sources */,
				5A0000222B8F4A0100C7D8E9 /* Frameworks */,
				5A0000232B8F4A0100C7D8E9 /* Resources */,
			);
			buildRules = (
			);
			dependencies = (
			);
			name = SubHelp;
			productName = SubHelp;
			productReference = 5A0000192B8F4A0100C7D8E9 /* SubHelp.app */;
			productType = "com.apple.product-type.application";
		};
/* End PBXNativeTarget section */

/* Begin PBXProject section */
		5A0000012B8F4A0100C7D8E9 /* Project object */ = {
			isa = PBXProject;
			attributes = {
				BuildIndependentTargetsInParallel = 1;
				LastSwiftUpdateCheck = 1500;
				LastUpgradeCheck = 2630;
				TargetAttributes = {
					5A0000242B8F4A0100C7D8E9 = {
						CreatedOnToolsVersion = 15.0;
					};
				};
			};
			buildConfigurationList = 5A0000252B8F4A0100C7D8E9 /* Build configuration list for PBXProject "SubHelp" */;
			compatibilityVersion = "Xcode 14.0";
			developmentRegion = en;
			hasScannedForEncodings = 0;
			knownRegions = (
				en,
				Base,
			);
			mainGroup = 5A0000022B8F4A0100C7D8E9;
			productRefGroup = 5A0000042B8F4A0100C7D8E9 /* Products */;
			projectDirPath = "";
			projectRoot = "";
			targets = (
				5A0000242B8F4A0100C7D8E9 /* SubHelp */,
			);
		};
/* End PBXProject section */

/* Begin PBXResourcesBuildPhase section */
		5A0000232B8F4A0100C7D8E9 /* Resources */ = {
			isa = PBXResourcesBuildPhase;
			buildActionMask = 2147483647;
			files = (
				5A0000182B8F4A0100C7D8E9 /* Assets.xcassets in Resources */,
			);
			runOnlyForDeploymentPostprocessing = 0;
		};
/* End PBXResourcesBuildPhase section */

/* Begin PBXSourcesBuildPhase section */
		5A0000212B8F4A0100C7D8E9 /* Sources */ = {
			isa = PBXSourcesBuildPhase;
			buildActionMask = 2147483647;
			files = (
				5A0000122B8F4A0100C7D8E9 /* SubHelpApp.swift in Sources */,
				5A0000522B8F4A0100C7D8E9 /* SubHelpAppDelegate.swift in Sources */,
				5A0000142B8F4A0100C7D8E9 /* HomeView.swift in Sources */,
				5A0000162B8F4A0100C7D8E9 /* HomeViewModel.swift in Sources */,
				5A00001A2B8F4A0100C7D8E9 /* Subscription.swift in Sources */,
				5A00001C2B8F4A0100C7D8E9 /* SettingsView.swift in Sources */,
				5A00001E2B8F4A0100C7D8E9 /* SubscriptionDetailView.swift in Sources */,
				5A0000282B8F4A0100C7D8E9 /* AddSubscriptionView.swift in Sources */,
				5A00003B2B8F4A0100C7D8E9 /* HistoryView.swift in Sources */,
				5A00003D2B8F4A0100C7D8E9 /* AppleImportView.swift in Sources */,
				5A00003F2B8F4A0100C7D8E9 /* QuickStartGuideView.swift in Sources */,
				5A0000412B8F4A0100C7D8E9 /* HelpView.swift in Sources */,
				5A0000422B8F4A0100C7D8E9 /* PaywallView.swift in Sources */,
				5A0000442B8F4A0100C7D8E9 /* SubscriptionPersistence.swift in Sources */,
				5A0000462B8F4A0100C7D8E9 /* RenewalNotificationScheduler.swift in Sources */,
				5A0000492B8F4A0100C7D8E9 /* PremiumSubscriptionProducts.swift in Sources */,
				5A00004C2B8F4A0100C7D8E9 /* CurrencyOptions.swift in Sources */,
				5A00004D2B8F4A0100C7D8E9 /* CurrencyOnboardingView.swift in Sources */,
			);
			runOnlyForDeploymentPostprocessing = 0;
		};
/* End PBXSourcesBuildPhase section */

/* Begin XCBuildConfiguration section */
		5A0000312B8F4A0100C7D8E9 /* Debug */ = {
			isa = XCBuildConfiguration;
			buildSettings = {
				ALWAYS_SEARCH_USER_PATHS = NO;
				ASSETCATALOG_COMPILER_GENERATE_SWIFT_ASSET_SYMBOL_EXTENSIONS = YES;
				CLANG_ANALYZER_NONNULL = YES;
				CLANG_ANALYZER_NUMBER_OBJECT_CONVERSION = YES_AGGRESSIVE;
				CLANG_CXX_LANGUAGE_STANDARD = "gnu++20";
				CLANG_ENABLE_MODULES = YES;
				CLANG_ENABLE_OBJC_ARC = YES;
				CLANG_ENABLE_OBJC_WEAK = YES;
				CLANG_WARN_BLOCK_CAPTURE_AUTORELEASING = YES;
				CLANG_WARN_BOOL_CONVERSION = YES;
				CLANG_WARN_COMMA = YES;
				CLANG_WARN_CONSTANT_CONVERSION = YES;
				CLANG_WARN_DEPRECATED_OBJC_IMPLEMENTATIONS = YES;
				CLANG_WARN_DIRECT_OBJC_ISA_USAGE = YES_ERROR;
				CLANG_WARN_DOCUMENTATION_COMMENTS = YES;
				CLANG_WARN_EMPTY_BODY = YES;
				CLANG_WARN_ENUM_CONVERSION = YES;
				CLANG_WARN_INFINITE_RECURSION = YES;
				CLANG_WARN_INT_CONVERSION = YES;
				CLANG_WARN_NON_LITERAL_NULL_CONVERSION = YES;
				CLANG_WARN_OBJC_IMPLICIT_RETAIN_SELF = YES;
				CLANG_WARN_OBJC_LITERAL_CONVERSION = YES;
				CLANG_WARN_OBJC_ROOT_CLASS = YES_ERROR;
				CLANG_WARN_QUOTED_INCLUDE_IN_FRAMEWORK_HEADER = YES;
				CLANG_WARN_RANGE_LOOP_ANALYSIS = YES;
				CLANG_WARN_STRICT_PROTOTYPES = YES;
				CLANG_WARN_SUSPICIOUS_MOVE = YES;
				CLANG_WARN_UNGUARDED_AVAILABILITY = YES_AGGRESSIVE;
				CLANG_WARN_UNREACHABLE_CODE = YES;
				CLANG_WARN__DUPLICATE_METHOD_MATCH = YES;
				COPY_PHASE_STRIP = NO;
				DEBUG_INFORMATION_FORMAT = dwarf;
				DEVELOPMENT_TEAM = 66VA8628J7;
				ENABLE_STRICT_OBJC_MSGSEND = YES;
				ENABLE_TESTABILITY = YES;
				ENABLE_USER_SCRIPT_SANDBOXING = YES;
				GCC_C_LANGUAGE_STANDARD = gnu17;
				GCC_DYNAMIC_NO_PIC = NO;
				GCC_NO_COMMON_BLOCKS = YES;
				GCC_OPTIMIZATION_LEVEL = 0;
				GCC_PREPROCESSOR_DEFINITIONS = (
					"DEBUG=1",
					"$(inherited)",
				);
				GCC_WARN_64_TO_32_BIT_CONVERSION = YES;
				GCC_WARN_ABOUT_RETURN_TYPE = YES_ERROR;
				GCC_WARN_UNDECLARED_SELECTOR = YES;
				GCC_WARN_UNINITIALIZED_AUTOS = YES_AGGRESSIVE;
				GCC_WARN_UNUSED_FUNCTION = YES;
				GCC_WARN_UNUSED_VARIABLE = YES;
				IPHONEOS_DEPLOYMENT_TARGET = 18.0;
				LOCALIZATION_PREFERS_STRING_CATALOGS = YES;
				MTL_ENABLE_DEBUG_INFO = INCLUDE_SOURCE;
				MTL_FAST_MATH = YES;
				ONLY_ACTIVE_ARCH = YES;
				SDKROOT = iphoneos;
				STRING_CATALOG_GENERATE_SYMBOLS = YES;
				SWIFT_ACTIVE_COMPILATION_CONDITIONS = "DEBUG $(inherited)";
				SWIFT_OPTIMIZATION_LEVEL = "-Onone";
			};
			name = Debug;
		};
		5A0000322B8F4A0100C7D8E9 /* Release */ = {
			isa = XCBuildConfiguration;
			buildSettings = {
				ALWAYS_SEARCH_USER_PATHS = NO;
				ASSETCATALOG_COMPILER_GENERATE_SWIFT_ASSET_SYMBOL_EXTENSIONS = YES;
				CLANG_ANALYZER_NONNULL = YES;
				CLANG_ANALYZER_NUMBER_OBJECT_CONVERSION = YES_AGGRESSIVE;
				CLANG_CXX_LANGUAGE_STANDARD = "gnu++20";
				CLANG_ENABLE_MODULES = YES;
				CLANG_ENABLE_OBJC_ARC = YES;
				CLANG_ENABLE_OBJC_WEAK = YES;
				CLANG_WARN_BLOCK_CAPTURE_AUTORELEASING = YES;
				CLANG_WARN_BOOL_CONVERSION = YES;
				CLANG_WARN_COMMA = YES;
				CLANG_WARN_CONSTANT_CONVERSION = YES;
				CLANG_WARN_DEPRECATED_OBJC_IMPLEMENTATIONS = YES;
				CLANG_WARN_DIRECT_OBJC_ISA_USAGE = YES_ERROR;
				CLANG_WARN_DOCUMENTATION_COMMENTS = YES;
				CLANG_WARN_EMPTY_BODY = YES;
				CLANG_WARN_ENUM_CONVERSION = YES;
				CLANG_WARN_INFINITE_RECURSION = YES;
				CLANG_WARN_INT_CONVERSION = YES;
				CLANG_WARN_NON_LITERAL_NULL_CONVERSION = YES;
				CLANG_WARN_OBJC_IMPLICIT_RETAIN_SELF = YES;
				CLANG_WARN_OBJC_LITERAL_CONVERSION = YES;
				CLANG_WARN_OBJC_ROOT_CLASS = YES_ERROR;
				CLANG_WARN_QUOTED_INCLUDE_IN_FRAMEWORK_HEADER = YES;
				CLANG_WARN_RANGE_LOOP_ANALYSIS = YES;
				CLANG_WARN_STRICT_PROTOTYPES = YES;
				CLANG_WARN_SUSPICIOUS_MOVE = YES;
				CLANG_WARN_UNGUARDED_AVAILABILITY = YES_AGGRESSIVE;
				CLANG_WARN_UNREACHABLE_CODE = YES;
				CLANG_WARN__DUPLICATE_METHOD_MATCH = YES;
				COPY_PHASE_STRIP = NO;
				DEBUG_INFORMATION_FORMAT = "dwarf-with-dsym";
				DEVELOPMENT_TEAM = 66VA8628J7;
				ENABLE_NS_ASSERTIONS = NO;
				ENABLE_STRICT_OBJC_MSGSEND = YES;
				ENABLE_USER_SCRIPT_SANDBOXING = YES;
				GCC_C_LANGUAGE_STANDARD = gnu17;
				GCC_NO_COMMON_BLOCKS = YES;
				GCC_WARN_64_TO_32_BIT_CONVERSION = YES;
				GCC_WARN_ABOUT_RETURN_TYPE = YES_ERROR;
				GCC_WARN_UNDECLARED_SELECTOR = YES;
				GCC_WARN_UNINITIALIZED_AUTOS = YES_AGGRESSIVE;
				GCC_WARN_UNUSED_FUNCTION = YES;
				GCC_WARN_UNUSED_VARIABLE = YES;
				IPHONEOS_DEPLOYMENT_TARGET = 18.0;
				LOCALIZATION_PREFERS_STRING_CATALOGS = YES;
				MTL_FAST_MATH = YES;
				SDKROOT = iphoneos;
				STRING_CATALOG_GENERATE_SYMBOLS = YES;
				SWIFT_COMPILATION_MODE = wholemodule;
				VALIDATE_PRODUCT = YES;
			};
			name = Release;
		};
		5A0000332B8F4A0100C7D8E9 /* Debug */ = {
			isa = XCBuildConfiguration;
			buildSettings = {
				ASSETCATALOG_COMPILER_APPICON_NAME = AppIcon;
				ASSETCATALOG_COMPILER_GLOBAL_ACCENT_COLOR_NAME = AccentColor;
				CODE_SIGN_ALLOW_ENTITLEMENTS_MODIFICATION = YES;
				CODE_SIGN_ENTITLEMENTS = SubHelp/SubHelp.entitlements;
				CODE_SIGN_STYLE = Automatic;
				CURRENT_PROJECT_VERSION = 6;
				DEVELOPMENT_ASSET_PATHS = "";
				ENABLE_PREVIEWS = YES;
				GENERATE_INFOPLIST_FILE = YES;
				INFOPLIST_KEY_CFBundleDisplayName = SubHelp;
				INFOPLIST_KEY_UIApplicationSupportsIndirectInputEvents = YES;
				INFOPLIST_KEY_UILaunchScreen_Generation = YES;
				INFOPLIST_KEY_UISupportedInterfaceOrientations = "UIInterfaceOrientationPortrait UIInterfaceOrientationLandscapeLeft UIInterfaceOrientationLandscapeRight";
				INFOPLIST_KEY_UISupportedInterfaceOrientations_iPad = "UIInterfaceOrientationPortrait UIInterfaceOrientationPortraitUpsideDown UIInterfaceOrientationLandscapeLeft UIInterfaceOrientationLandscapeRight";
				LD_RUNPATH_SEARCH_PATHS = (
					"$(inherited)",
					"@executable_path/Frameworks",
				);
				MARKETING_VERSION = 1.2;
				PRODUCT_BUNDLE_IDENTIFIER = com.subhelp.app;
				PRODUCT_NAME = "$(TARGET_NAME)";
				SWIFT_EMIT_LOC_STRINGS = YES;
				SWIFT_VERSION = 5.0;
				TARGETED_DEVICE_FAMILY = "1,2";
			};
			name = Debug;
		};
		5A0000342B8F4A0100C7D8E9 /* Release */ = {
			isa = XCBuildConfiguration;
			buildSettings = {
				ASSETCATALOG_COMPILER_APPICON_NAME = AppIcon;
				ASSETCATALOG_COMPILER_GLOBAL_ACCENT_COLOR_NAME = AccentColor;
				CODE_SIGN_ALLOW_ENTITLEMENTS_MODIFICATION = YES;
				CODE_SIGN_ENTITLEMENTS = SubHelp/SubHelp.entitlements;
				CODE_SIGN_STYLE = Automatic;
				CURRENT_PROJECT_VERSION = 6;
				DEVELOPMENT_ASSET_PATHS = "";
				ENABLE_PREVIEWS = YES;
				GENERATE_INFOPLIST_FILE = YES;
				INFOPLIST_KEY_CFBundleDisplayName = SubHelp;
				INFOPLIST_KEY_UIApplicationSupportsIndirectInputEvents = YES;
				INFOPLIST_KEY_UILaunchScreen_Generation = YES;
				INFOPLIST_KEY_UISupportedInterfaceOrientations = "UIInterfaceOrientationPortrait UIInterfaceOrientationLandscapeLeft UIInterfaceOrientationLandscapeRight";
				INFOPLIST_KEY_UISupportedInterfaceOrientations_iPad = "UIInterfaceOrientationPortrait UIInterfaceOrientationPortraitUpsideDown UIInterfaceOrientationLandscapeLeft UIInterfaceOrientationLandscapeRight";
				LD_RUNPATH_SEARCH_PATHS = (
					"$(inherited)",
					"@executable_path/Frameworks",
				);
				MARKETING_VERSION = 1.2;
				PRODUCT_BUNDLE_IDENTIFIER = com.subhelp.app;
				PRODUCT_NAME = "$(TARGET_NAME)";
				SWIFT_EMIT_LOC_STRINGS = YES;
				SWIFT_VERSION = 5.0;
				TARGETED_DEVICE_FAMILY = "1,2";
			};
			name = Release;
		};
/* End XCBuildConfiguration section */

/* Begin XCConfigurationList section */
		5A0000252B8F4A0100C7D8E9 /* Build configuration list for PBXProject "SubHelp" */ = {
			isa = XCConfigurationList;
			buildConfigurations = (
				5A0000312B8F4A0100C7D8E9 /* Debug */,
				5A0000322B8F4A0100C7D8E9 /* Release */,
			);
			defaultConfigurationIsVisible = 0;
			defaultConfigurationName = Release;
		};
		5A0000262B8F4A0100C7D8E9 /* Build configuration list for PBXNativeTarget "SubHelp" */ = {
			isa = XCConfigurationList;
			buildConfigurations = (
				5A0000332B8F4A0100C7D8E9 /* Debug */,
				5A0000342B8F4A0100C7D8E9 /* Release */,
			);
			defaultConfigurationIsVisible = 0;
			defaultConfigurationName = Release;
		};
/* End XCConfigurationList section */
	};
	rootObject = 5A0000012B8F4A0100C7D8E9 /* Project object */;
}
